Microsoft Visual Studio Solution File, Format Version 12.00
# Visual Studio Version 17
VisualStudioVersion = 17.5.2.0
MinimumVisualStudioVersion = 10.0.40219.1
Project("{FAE04EC0-301F-11D3-BF4B-00C04F79EFBC}") = "Wpf.Ui", "Wpf.Ui.csproj", "{EBDE2C14-C144-6653-6957-6C8C7E66F5CC}"
EndProject
Global
	GlobalSection(SolutionConfigurationPlatforms) = preSolution
		Debug|Any CPU = Debug|Any CPU
		Release|Any CPU = Release|Any CPU
	EndGlobalSection
	GlobalSection(ProjectConfigurationPlatforms) = postSolution
		{EBDE2C14-C144-6653-6957-6C8C7E66F5CC}.Debug|Any CPU.ActiveCfg = Debug|Any CPU
		{EBDE2C14-C144-6653-6957-6C8C7E66F5CC}.Debug|Any CPU.Build.0 = Debug|Any CPU
		{EBDE2C14-C144-6653-6957-6C8C7E66F5CC}.Release|Any CPU.ActiveCfg = Release|Any CPU
		{EBDE2C14-C144-6653-6957-6C8C7E66F5CC}.Release|Any CPU.Build.0 = Release|Any CPU
	EndGlobalSection
	GlobalSection(SolutionProperties) = preSolution
		HideSolutionNode = FALSE
	EndGlobalSection
	GlobalSection(ExtensibilityGlobals) = postSolution
		SolutionGuid = {12F6D499-57C3-4DBA-8DC4-45930CA9045D}
	EndGlobalSection
EndGlobal
